
Microsoft Visual Studio Solution File, Format Version 12.00
# Visual Studio Version 17
VisualStudioVersion = 17.9.34728.123
MinimumVisualStudioVersion = 10.0.40219.1
Project("{FAE04EC0-301F-11D3-BF4B-00C04F79EFBC}") = "API", "API\API.csproj", "{A83B1A90-FCAA-42C4-8C47-356EF62DA786}"
EndProject
Global
	GlobalSection(SolutionConfigurationPlatforms) = preSolution
		Debug|Any CPU = Debug|Any CPU
		Release|Any CPU = Release|Any CPU
	EndGlobalSection
	GlobalSection(ProjectConfigurationPlatforms) = postSolution
		{A83B1A90-FCAA-42C4-8C47-356EF62DA786}.Debug|Any CPU.ActiveCfg = Debug|Any CPU
		{A83B1A90-FCAA-42C4-8C47-356EF62DA786}.Debug|Any CPU.Build.0 = Debug|Any CPU
		{A83B1A90-FCAA-42C4-8C47-356EF62DA786}.Release|Any CPU.ActiveCfg = Release|Any CPU
		{A83B1A90-FCAA-42C4-8C47-356EF62DA786}.Release|Any CPU.Build.0 = Release|Any CPU
	EndGlobalSection
	GlobalSection(SolutionProperties) = preSolution
		HideSolutionNode = FALSE
	EndGlobalSection
	GlobalSection(ExtensibilityGlobals) = postSolution
		SolutionGuid = {42D4D46C-6C19-4EA9-BCF7-C44BAB26D63C}
	EndGlobalSection
EndGlobal
